
Microsoft Visual Studio Solution File, Format Version 12.00
# Visual Studio 15
VisualStudioVersion = 15.0.26730.8
MinimumVisualStudioVersion = 10.0.40219.1
Project("{9A19103F-16F7-4668-BE54-9A1E7A4F7556}") = "Niche.CommandLine", "src\Niche.CommandLine\Niche.CommandLine.csproj", "{D1409C8E-5FC9-4455-8DBB-06EE509BD313}"
EndProject
Project("{9A19103F-16F7-4668-BE54-9A1E7A4F7556}") = "Niche.CommandLine.Tests", "src\Niche.CommandLine.Tests\Niche.CommandLine.Tests.csproj", "{D7ADFA05-1E88-4122-B70F-4E161376637E}"
EndProject
Project("{FAE04EC0-301F-11D3-BF4B-00C04F79EFBC}") = "Niche.CommandLine.Demo", "src\Niche.CommandLine.Demo\Niche.CommandLine.Demo.csproj", "{82DB94B3-F29B-4A57-9ECC-8665F9EEB9E7}"
EndProject
Project("{9A19103F-16F7-4668-BE54-9A1E7A4F7556}") = "Niche.ConsoleLogging", "src\Niche.ConsoleLogging\Niche.ConsoleLogging.csproj", "{942C8466-1260-4421-97DB-30365BA287CE}"
EndProject
Project("{9A19103F-16F7-4668-BE54-9A1E7A4F7556}") = "Niche.ConsoleLogging.Tests", "src\Niche.ConsoleLogging.Tests\Niche.ConsoleLogging.Tests.csproj", "{BD4AC0E5-AAC5-4651-8316-5C8335E808FA}"
EndProject
Global
	GlobalSection(SolutionConfigurationPlatforms) = preSolution
		Analysis|Any CPU = Analysis|Any CPU
		Debug|Any CPU = Debug|Any CPU
		Release|Any CPU = Release|Any CPU
	EndGlobalSection
	GlobalSection(ProjectConfigurationPlatforms) = postSolution
		{D1409C8E-5FC9-4455-8DBB-06EE509BD313}.Analysis|Any CPU.ActiveCfg = Release|Any CPU
		{D1409C8E-5FC9-4455-8DBB-06EE509BD313}.Analysis|Any CPU.Build.0 = Release|Any CPU
		{D1409C8E-5FC9-4455-8DBB-06EE509BD313}.Debug|Any CPU.ActiveCfg = Debug|Any CPU
		{D1409C8E-5FC9-4455-8DBB-06EE509BD313}.Debug|Any CPU.Build.0 = Debug|Any CPU
		{D1409C8E-5FC9-4455-8DBB-06EE509BD313}.Release|Any CPU.ActiveCfg = Release|Any CPU
		{D1409C8E-5FC9-4455-8DBB-06EE509BD313}.Release|Any CPU.Build.0 = Release|Any CPU
		{D7ADFA05-1E88-4122-B70F-4E161376637E}.Analysis|Any CPU.ActiveCfg = Release|Any CPU
		{D7ADFA05-1E88-4122-B70F-4E161376637E}.Analysis|Any CPU.Build.0 = Release|Any CPU
		{D7ADFA05-1E88-4122-B70F-4E161376637E}.Debug|Any CPU.ActiveCfg = Debug|Any CPU
		{D7ADFA05-1E88-4122-B70F-4E161376637E}.Debug|Any CPU.Build.0 = Debug|Any CPU
		{D7ADFA05-1E88-4122-B70F-4E161376637E}.Release|Any CPU.ActiveCfg = Release|Any CPU
		{D7ADFA05-1E88-4122-B70F-4E161376637E}.Release|Any CPU.Build.0 = Release|Any CPU
		{82DB94B3-F29B-4A57-9ECC-8665F9EEB9E7}.Analysis|Any CPU.ActiveCfg = Debug|Any CPU
		{82DB94B3-F29B-4A57-9ECC-8665F9EEB9E7}.Analysis|Any CPU.Build.0 = Debug|Any CPU
		{82DB94B3-F29B-4A57-9ECC-8665F9EEB9E7}.Debug|Any CPU.ActiveCfg = Debug|Any CPU
		{82DB94B3-F29B-4A57-9ECC-8665F9EEB9E7}.Debug|Any CPU.Build.0 = Debug|Any CPU
		{82DB94B3-F29B-4A57-9ECC-8665F9EEB9E7}.Release|Any CPU.ActiveCfg = Release|Any CPU
		{82DB94B3-F29B-4A57-9ECC-8665F9EEB9E7}.Release|Any CPU.Build.0 = Release|Any CPU
		{942C8466-1260-4421-97DB-30365BA287CE}.Analysis|Any CPU.ActiveCfg = Debug|Any CPU
		{942C8466-1260-4421-97DB-30365BA287CE}.Analysis|Any CPU.Build.0 = Debug|Any CPU
		{942C8466-1260-4421-97DB-30365BA287CE}.Debug|Any CPU.ActiveCfg = Debug|Any CPU
		{942C8466-1260-4421-97DB-30365BA287CE}.Debug|Any CPU.Build.0 = Debug|Any CPU
		{942C8466-1260-4421-97DB-30365BA287CE}.Release|Any CPU.ActiveCfg = Release|Any CPU
		{942C8466-1260-4421-97DB-30365BA287CE}.Release|Any CPU.Build.0 = Release|Any CPU
		{BD4AC0E5-AAC5-4651-8316-5C8335E808FA}.Analysis|Any CPU.ActiveCfg = Debug|Any CPU
		{BD4AC0E5-AAC5-4651-8316-5C8335E808FA}.Analysis|Any CPU.Build.0 = Debug|Any CPU
		{BD4AC0E5-AAC5-4651-8316-5C8335E808FA}.Debug|Any CPU.ActiveCfg = Debug|Any CPU
		{BD4AC0E5-AAC5-4651-8316-5C8335E808FA}.Debug|Any CPU.Build.0 = Debug|Any CPU
		{BD4AC0E5-AAC5-4651-8316-5C8335E808FA}.Release|Any CPU.ActiveCfg = Release|Any CPU
		{BD4AC0E5-AAC5-4651-8316-5C8335E808FA}.Release|Any CPU.Build.0 = Release|Any CPU
	EndGlobalSection
	GlobalSection(SolutionProperties) = preSolution
		HideSolutionNode = FALSE
	EndGlobalSection
	GlobalSection(ExtensibilityGlobals) = postSolution
		SolutionGuid = {09701A11-8457-4BDF-A2F4-3CB7EB37D588}
	EndGlobalSection
EndGlobal
